// !$*UTF8*$!
{
	archiveVersion = 1;
	classes = {
	};
	objectVersion = 46;
	objects = {

/* Begin PBXBuildFile section */
		D14893F51E990B2000EC289A /* AppDelegate.swift in Sources */ = {isa = PBXBuildFile; fileRef = D14893F41E990B2000EC289A /* AppDelegate.swift */; };
		D14893FA1E990B2000EC289A /* Main.storyboard in Resources */ = {isa = PBXBuildFile; fileRef = D14893F81E990B2000EC289A /* Main.storyboard */; };
		D14893FC1E990B2000EC289A /* Assets.xcassets in Resources */ = {isa = PBXBuildFile; fileRef = D14893FB1E990B2000EC289A /* Assets.xcassets */; };
		D14893FF1E990B2000EC289A /* LaunchScreen.storyboard in Resources */ = {isa = PBXBuildFile; fileRef = D14893FD1E990B2000EC289A /* LaunchScreen.storyboard */; };
		D14894071E990BCD00EC289A /* NoteTableViewController.swift in Sources */ = {isa = PBXBuildFile; fileRef = D14894061E990BCD00EC289A /* NoteTableViewController.swift */; };
		D14894091E990E3B00EC289A /* NoteTableViewCell.swift in Sources */ = {isa = PBXBuildFile; fileRef = D14894081E990E3B00EC289A /* NoteTableViewCell.swift */; };
		D148940C1E9916C500EC289A /* DetailNoteViewController.swift in Sources */ = {isa = PBXBuildFile; fileRef = D148940B1E9916C500EC289A /* DetailNoteViewController.swift */; };
		D14894101E991CBB00EC289A /* DetailNoteTableViewCell.swift in Sources */ = {isa = PBXBuildFile; fileRef = D148940F1E991CBB00EC289A /* DetailNoteTableViewCell.swift */; };
		D14894131E99274A00EC289A /* NewStationTableViewController.swift in Sources */ = {isa = PBXBuildFile; fileRef = D14894121E99274A00EC289A /* NewStationTableViewController.swift */; };
		D14894361E99328000EC289A /* CoreDataStack.swift in Sources */ = {isa = PBXBuildFile; fileRef = D14894351E99328000EC289A /* CoreDataStack.swift */; };
		D14894391E99336800EC289A /* LinioSpace.xcdatamodeld in Sources */ = {isa = PBXBuildFile; fileRef = D14894371E99336800EC289A /* LinioSpace.xcdatamodeld */; };
		D148943B1E994D3700EC289A /* ContentViewController.swift in Sources */ = {isa = PBXBuildFile; fileRef = D148943A1E994D3700EC289A /* ContentViewController.swift */; };
		D148943D1E994D5700EC289A /* PageViewController.swift in Sources */ = {isa = PBXBuildFile; fileRef = D148943C1E994D5700EC289A /* PageViewController.swift */; };
		D14894401E9BEA2300EC289A /* AboutTableViewController.swift in Sources */ = {isa = PBXBuildFile; fileRef = D148943F1E9BEA2300EC289A /* AboutTableViewController.swift */; };
		D14894421E9BEFD700EC289A /* WebViewController.swift in Sources */ = {isa = PBXBuildFile; fileRef = D14894411E9BEFD700EC289A /* WebViewController.swift */; };
		D14894441E9C01AE00EC289A /* MoscowMapTableViewController.swift in Sources */ = {isa = PBXBuildFile; fileRef = D14894431E9C01AE00EC289A /* MoscowMapTableViewController.swift */; };
		D14894481E9C051100EC289A /* CloudKit.framework in Frameworks */ = {isa = PBXBuildFile; fileRef = D14894471E9C051100EC289A /* CloudKit.framework */; };
		D148944A1E9C0A1D00EC289A /* ListTableViewController.swift in Sources */ = {isa = PBXBuildFile; fileRef = D14894491E9C0A1D00EC289A /* ListTableViewController.swift */; };
/* End PBXBuildFile section */

/* Begin PBXFileReference section */
		D14893F11E990B2000EC289A /* LinioSpace.app */ = {isa = PBXFileReference; explicitFileType = wrapper.application; includeInIndex = 0; path = LinioSpace.app; sourceTree = BUILT_PRODUCTS_DIR; };
		D14893F41E990B2000EC289A /* AppDelegate.swift */ = {isa = PBXFileReference; lastKnownFileType = sourcecode.swift; path = AppDelegate.swift; sourceTree = "<group>"; };
		D14893F91E990B2000EC289A /* Base */ = {isa = PBXFileReference; lastKnownFileType = file.storyboard; name = Base; path = Base.lproj/Main.storyboard; sourceTree = "<group>"; };
		D14893FB1E990B2000EC289A /* Assets.xcassets */ = {isa = PBXFileReference; lastKnownFileType = folder.assetcatalog; path = Assets.xcassets; sourceTree = "<group>"; };
		D14893FE1E990B2000EC289A /* Base */ = {isa = PBXFileReference; lastKnownFileType = file.storyboard; name = Base; path = Base.lproj/LaunchScreen.storyboard; sourceTree = "<group>"; };
		D14894001E990B2000EC289A /* Info.plist */ = {isa = PBXFileReference; lastKnownFileType = text.plist.xml; path = Info.plist; sourceTree = "<group>"; };
		D14894061E990BCD00EC289A /* NoteTableViewController.swift */ = {isa = PBXFileReference; fileEncoding = 4; lastKnownFileType = sourcecode.swift; path = NoteTableViewController.swift; sourceTree = "<group>"; };
		D14894081E990E3B00EC289A /* NoteTableViewCell.swift */ = {isa = PBXFileReference; fileEncoding = 4; lastKnownFileType = sourcecode.swift; path = NoteTableViewCell.swift; sourceTree = "<group>"; };
		D148940B1E9916C500EC289A /* DetailNoteViewController.swift */ = {isa = PBXFileReference; fileEncoding = 4; lastKnownFileType = sourcecode.swift; path = DetailNoteViewController.swift; sourceTree = "<group>"; };
		D148940F1E991CBB00EC289A /* DetailNoteTableViewCell.swift */ = {isa = PBXFileReference; fileEncoding = 4; lastKnownFileType = sourcecode.swift; path = DetailNoteTableViewCell.swift; sourceTree = "<group>"; };
		D14894121E99274A00EC289A /* NewStationTableViewController.swift */ = {isa = PBXFileReference; fileEncoding = 4; lastKnownFileType = sourcecode.swift; path = NewStationTableViewController.swift; sourceTree = "<group>"; };
		D14894351E99328000EC289A /* CoreDataStack.swift */ = {isa = PBXFileReference; fileEncoding = 4; lastKnownFileType = sourcecode.swift; path = CoreDataStack.swift; sourceTree = "<group>"; };
		D14894381E99336800EC289A /* LinioSpace.xcdatamodel */ = {isa = PBXFileReference; lastKnownFileType = wrapper.xcdatamodel; path = LinioSpace.xcdatamodel; sourceTree = "<group>"; };
		D148943A1E994D3700EC289A /* ContentViewController.swift */ = {isa = PBXFileReference; fileEncoding = 4; lastKnownFileType = sourcecode.swift; path = ContentViewController.swift; sourceTree = "<group>"; };
		D148943C1E994D5700EC289A /* PageViewController.swift */ = {isa = PBXFileReference; fileEncoding = 4; lastKnownFileType = sourcecode.swift; path = PageViewController.swift; sourceTree = "<group>"; };
		D148943F1E9BEA2300EC289A /* AboutTableViewController.swift */ = {isa = PBXFileReference; fileEncoding = 4; lastKnownFileType = sourcecode.swift; path = AboutTableViewController.swift; sourceTree = "<group>"; };
		D14894411E9BEFD700EC289A /* WebViewController.swift */ = {isa = PBXFileReference; fileEncoding = 4; lastKnownFileType = sourcecode.swift; path = WebViewController.swift; sourceTree = "<group>"; };
		D14894431E9C01AE00EC289A /* MoscowMapTableViewController.swift */ = {isa = PBXFileReference; fileEncoding = 4; lastKnownFileType = sourcecode.swift; path = MoscowMapTableViewController.swift; sourceTree = "<group>"; };
		D14894451E9C04FA00EC289A /* LinioSpace.entitlements */ = {isa = PBXFileReference; lastKnownFileType = text.plist.entitlements; path = LinioSpace.entitlements; sourceTree = "<group>"; };
		D14894471E9C051100EC289A /* CloudKit.framework */ = {isa = PBXFileReference; lastKnownFileType = wrapper.framework; name = CloudKit.framework; path = System/Library/Frameworks/CloudKit.framework; sourceTree = SDKROOT; };
		D14894491E9C0A1D00EC289A /* ListTableViewController.swift */ = {isa = PBXFileReference; fileEncoding = 4; lastKnownFileType = sourcecode.swift; path = ListTableViewController.swift; sourceTree = "<group>"; };
/* End PBXFileReference section */

/* Begin PBXFrameworksBuildPhase section */
		D14893EE1E990B2000EC289A /* Frameworks */ = {
			isa = PBXFrameworksBuildPhase;
			buildActionMask = 2147483647;
			files = (
				D14894481E9C051100EC289A /* CloudKit.framework in Frameworks */,
			);
			runOnlyForDeploymentPostprocessing = 0;
		};
/* End PBXFrameworksBuildPhase section */

/* Begin PBXGroup section */
		D14893E81E990B1F00EC289A = {
			isa = PBXGroup;
			children = (
				D14893F31E990B2000EC289A /* LinioSpace */,
				D14893F21E990B2000EC289A /* Products */,
				D14894461E9C051100EC289A /* Frameworks */,
			);
			sourceTree = "<group>";
		};
		D14893F21E990B2000EC289A /* Products */ = {
			isa = PBXGroup;
			children = (
				D14893F11E990B2000EC289A /* LinioSpace.app */,
			);
			name = Products;
			sourceTree = "<group>";
		};
		D14893F31E990B2000EC289A /* LinioSpace */ = {
			isa = PBXGroup;
			children = (
				D14894451E9C04FA00EC289A /* LinioSpace.entitlements */,
				D14893F41E990B2000EC289A /* AppDelegate.swift */,
				D14894371E99336800EC289A /* LinioSpace.xcdatamodeld */,
				D14893F81E990B2000EC289A /* Main.storyboard */,
				D14894491E9C0A1D00EC289A /* ListTableViewController.swift */,
				D14894431E9C01AE00EC289A /* MoscowMapTableViewController.swift */,
				D14894411E9BEFD700EC289A /* WebViewController.swift */,
				D148943F1E9BEA2300EC289A /* AboutTableViewController.swift */,
				D148943E1E994D6600EC289A /* Pages */,
				D14894121E99274A00EC289A /* NewStationTableViewController.swift */,
				D14894351E99328000EC289A /* CoreDataStack.swift */,
				D14894111E991CC100EC289A /* Detail */,
				D148940A1E990E5100EC289A /* Note */,
				D14893FB1E990B2000EC289A /* Assets.xcassets */,
				D14893FD1E990B2000EC289A /* LaunchScreen.storyboard */,
				D14894001E990B2000EC289A /* Info.plist */,
			);
			path = LinioSpace;
			sourceTree = "<group>";
		};
		D148940A1E990E5100EC289A /* Note */ = {
			isa = PBXGroup;
			children = (
				D14894081E990E3B00EC289A /* NoteTableViewCell.swift */,
				D14894061E990BCD00EC289A /* NoteTableViewController.swift */,
			);
			name = Note;
			sourceTree = "<group>";
		};
		D14894111E991CC100EC289A /* Detail */ = {
			isa = PBXGroup;
			children = (
				D148940F1E991CBB00EC289A /* DetailNoteTableViewCell.swift */,
				D148940B1E9916C500EC289A /* DetailNoteViewController.swift */,
			);
			name = Detail;
			sourceTree = "<group>";
		};
		D148943E1E994D6600EC289A /* Pages */ = {
			isa = PBXGroup;
			children = (
				D148943A1E994D3700EC289A /* ContentViewController.swift */,
				D148943C1E994D5700EC289A /* PageViewController.swift */,
			);
			name = Pages;
			sourceTree = "<group>";
		};
		D14894461E9C051100EC289A /* Frameworks */ = {
			isa = PBXGroup;
			children = (
				D14894471E9C051100EC289A /* CloudKit.framework */,
			);
			name = Frameworks;
			sourceTree = "<group>";
		};
/* End PBXGroup section */

/* Begin PBXNativeTarget section */
		D14893F01E990B2000EC289A /* LinioSpace */ = {
			isa = PBXNativeTarget;
			buildConfigurationList = D14894031E990B2000EC289A /* Build configuration list for PBXNativeTarget "LinioSpace" */;
			buildPhases = (
				D14893ED1E990B2000EC289A /* Sources */,
				D14893EE1E990B2000EC289A /* Frameworks */,
				D14893EF1E990B2000EC289A /* Resources */,
			);
			buildRules = (
			);
			dependencies = (
			);
			name = LinioSpace;
			productName = LinioSpace;
			productReference = D14893F11E990B2000EC289A /* LinioSpace.app */;
			productType = "com.apple.product-type.application";
		};
/* End PBXNativeTarget section */

/* Begin PBXProject section */
		D14893E91E990B1F00EC289A /* Project object */ = {
			isa = PBXProject;
			attributes = {
				LastSwiftUpdateCheck = 0820;
				LastUpgradeCheck = 0820;
				ORGANIZATIONNAME = "Aleksandr Utrobin";
				TargetAttributes = {
					D14893F01E990B2000EC289A = {
						CreatedOnToolsVersion = 8.2.1;
						DevelopmentTeam = V783YNE53K;
						ProvisioningStyle = Automatic;
						SystemCapabilities = {
							com.apple.Push = {
								enabled = 0;
							};
							com.apple.iCloud = {
								enabled = 1;
							};
						};
					};
				};
			};
			buildConfigurationList = D14893EC1E990B1F00EC289A /* Build configuration list for PBXProject "LinioSpace" */;
			compatibilityVersion = "Xcode 3.2";
			developmentRegion = English;
			hasScannedForEncodings = 0;
			knownRegions = (
				en,
				Base,
			);
			mainGroup = D14893E81E990B1F00EC289A;
			productRefGroup = D14893F21E990B2000EC289A /* Products */;
			projectDirPath = "";
			projectRoot = "";
			targets = (
				D14893F01E990B2000EC289A /* LinioSpace */,
			);
		};
/* End PBXProject section */

/* Begin PBXResourcesBuildPhase section */
		D14893EF1E990B2000EC289A /* Resources */ = {
			isa = PBXResourcesBuildPhase;
			buildActionMask = 2147483647;
			files = (
				D14893FF1E990B2000EC289A /* LaunchScreen.storyboard in Resources */,
				D14893FC1E990B2000EC289A /* Assets.xcassets in Resources */,
				D14893FA1E990B2000EC289A /* Main.storyboard in Resources */,
			);
			runOnlyForDeploymentPostprocessing = 0;
		};
/* End PBXResourcesBuildPhase section */

/* Begin PBXSourcesBuildPhase section */
		D14893ED1E990B2000EC289A /* Sources */ = {
			isa = PBXSourcesBuildPhase;
			buildActionMask = 2147483647;
			files = (
				D14893F51E990B2000EC289A /* AppDelegate.swift in Sources */,
				D148943D1E994D5700EC289A /* PageViewController.swift in Sources */,
				D14894101E991CBB00EC289A /* DetailNoteTableViewCell.swift in Sources */,
				D14894401E9BEA2300EC289A /* AboutTableViewController.swift in Sources */,
				D14894131E99274A00EC289A /* NewStationTableViewController.swift in Sources */,
				D148940C1E9916C500EC289A /* DetailNoteViewController.swift in Sources */,
				D148943B1E994D3700EC289A /* ContentViewController.swift in Sources */,
				D14894421E9BEFD700EC289A /* WebViewController.swift in Sources */,
				D14894071E990BCD00EC289A /* NoteTableViewController.swift in Sources */,
				D14894391E99336800EC289A /* LinioSpace.xcdatamodeld in Sources */,
				D14894091E990E3B00EC289A /* NoteTableViewCell.swift in Sources */,
				D14894441E9C01AE00EC289A /* MoscowMapTableViewController.swift in Sources */,
				D14894361E99328000EC289A /* CoreDataStack.swift in Sources */,
				D148944A1E9C0A1D00EC289A /* ListTableViewController.swift in Sources */,
			);
			runOnlyForDeploymentPostprocessing = 0;
		};
/* End PBXSourcesBuildPhase section */

/* Begin PBXVariantGroup section */
		D14893F81E990B2000EC289A /* Main.storyboard */ = {
			isa = PBXVariantGroup;
			children = (
				D14893F91E990B2000EC289A /* Base */,
			);
			name = Main.storyboard;
			sourceTree = "<group>";
		};
		D14893FD1E990B2000EC289A /* LaunchScreen.storyboard */ = {
			isa = PBXVariantGroup;
			children = (
				D14893FE1E990B2000EC289A /* Base */,
			);
			name = LaunchScreen.storyboard;
			sourceTree = "<group>";
		};
/* End PBXVariantGroup section */

/* Begin XCBuildConfiguration section */
		D14894011E990B2000EC289A /* Debug */ = {
			isa = XCBuildConfiguration;
			buildSettings = {
				ALWAYS_SEARCH_USER_PATHS = NO;
				CLANG_ANALYZER_NONNULL = YES;
				CLANG_CXX_LANGUAGE_STANDARD = "gnu++0x";
				CLANG_CXX_LIBRARY = "libc++";
				CLANG_ENABLE_MODULES = YES;
				CLANG_ENABLE_OBJC_ARC = YES;
				CLANG_WARN_BOOL_CONVERSION = YES;
				CLANG_WARN_CONSTANT_CONVERSION = YES;
				CLANG_WARN_DIRECT_OBJC_ISA_USAGE = YES_ERROR;
				CLANG_WARN_DOCUMENTATION_COMMENTS = YES;
				CLANG_WARN_EMPTY_BODY = YES;
				CLANG_WARN_ENUM_CONVERSION = YES;
				CLANG_WARN_INFINITE_RECURSION = YES;
				CLANG_WARN_INT_CONVERSION = YES;
				CLANG_WARN_OBJC_ROOT_CLASS = YES_ERROR;
				CLANG_WARN_SUSPICIOUS_MOVE = YES;
				CLANG_WARN_UNREACHABLE_CODE = YES;
				CLANG_WARN__DUPLICATE_METHOD_MATCH = YES;
				"CODE_SIGN_IDENTITY[sdk=iphoneos*]" = "iPhone Developer";
				COPY_PHASE_STRIP = NO;
				DEBUG_INFORMATION_FORMAT = dwarf;
				ENABLE_STRICT_OBJC_MSGSEND = YES;
				ENABLE_TESTABILITY = YES;
				GCC_C_LANGUAGE_STANDARD = gnu99;
				GCC_DYNAMIC_NO_PIC = NO;
				GCC_NO_COMMON_BLOCKS = YES;
				GCC_OPTIMIZATION_LEVEL = 0;
				GCC_PREPROCESSOR_DEFINITIONS = (
					"DEBUG=1",
					"$(inherited)",
				);
				GCC_WARN_64_TO_32_BIT_CONVERSION = YES;
				GCC_WARN_ABOUT_RETURN_TYPE = YES_ERROR;
				GCC_WARN_UNDECLARED_SELECTOR = YES;
				GCC_WARN_UNINITIALIZED_AUTOS = YES_AGGRESSIVE;
				GCC_WARN_UNUSED_FUNCTION = YES;
				GCC_WARN_UNUSED_VARIABLE = YES;
				IPHONEOS_DEPLOYMENT_TARGET = 10.2;
				MTL_ENABLE_DEBUG_INFO = YES;
				ONLY_ACTIVE_ARCH = YES;
				SDKROOT = iphoneos;
				SWIFT_ACTIVE_COMPILATION_CONDITIONS = DEBUG;
				SWIFT_OPTIMIZATION_LEVEL = "-Onone";
			};
			name = Debug;
		};
		D14894021E990B2000EC289A /* Release */ = {
			isa = XCBuildConfiguration;
			buildSettings = {
				ALWAYS_SEARCH_USER_PATHS = NO;
				CLANG_ANALYZER_NONNULL = YES;
				CLANG_CXX_LANGUAGE_STANDARD = "gnu++0x";
				CLANG_CXX_LIBRARY = "libc++";
				CLANG_ENABLE_MODULES = YES;
				CLANG_ENABLE_OBJC_ARC = YES;
				CLANG_WARN_BOOL_CONVERSION = YES;
				CLANG_WARN_CONSTANT_CONVERSION = YES;
				CLANG_WARN_DIRECT_OBJC_ISA_USAGE = YES_ERROR;
				CLANG_WARN_DOCUMENTATION_COMMENTS = YES;
				CLANG_WARN_EMPTY_BODY = YES;
				CLANG_WARN_ENUM_CONVERSION = YES;
				CLANG_WARN_INFINITE_RECURSION = YES;
				CLANG_WARN_INT_CONVERSION = YES;
				CLANG_WARN_OBJC_ROOT_CLASS = YES_ERROR;
				CLANG_WARN_SUSPICIOUS_MOVE = YES;
				CLANG_WARN_UNREACHABLE_CODE = YES;
				CLANG_WARN__DUPLICATE_METHOD_MATCH = YES;
				"CODE_SIGN_IDENTITY[sdk=iphoneos*]" = "iPhone Developer";
				COPY_PHASE_STRIP = NO;
				DEBUG_INFORMATION_FORMAT = "dwarf-with-dsym";
				ENABLE_NS_ASSERTIONS = NO;
				ENABLE_STRICT_OBJC_MSGSEND = YES;
				GCC_C_LANGUAGE_STANDARD = gnu99;
				GCC_NO_COMMON_BLOCKS = YES;
				GCC_WARN_64_TO_32_BIT_CONVERSION = YES;
				GCC_WARN_ABOUT_RETURN_TYPE = YES_ERROR;
				GCC_WARN_UNDECLARED_SELECTOR = YES;
				GCC_WARN_UNINITIALIZED_AUTOS = YES_AGGRESSIVE;
				GCC_WARN_UNUSED_FUNCTION = YES;
				GCC_WARN_UNUSED_VARIABLE = YES;
				IPHONEOS_DEPLOYMENT_TARGET = 10.2;
				MTL_ENABLE_DEBUG_INFO = NO;
				SDKROOT = iphoneos;
				SWIFT_OPTIMIZATION_LEVEL = "-Owholemodule";
				VALIDATE_PRODUCT = YES;
			};
			name = Release;
		};
		D14894041E990B2000EC289A /* Debug */ = {
			isa = XCBuildConfiguration;
			buildSettings = {
				ASSETCATALOG_COMPILER_APPICON_NAME = AppIcon;
				CODE_SIGN_ENTITLEMENTS = LinioSpace/LinioSpace.entitlements;
				DEVELOPMENT_TEAM = V783YNE53K;
				INFOPLIST_FILE = LinioSpace/Info.plist;
				LD_RUNPATH_SEARCH_PATHS = "$(inherited) @executable_path/Frameworks";
				PRODUCT_BUNDLE_IDENTIFIER = com.example.LinioSpace;
				PRODUCT_NAME = "$(TARGET_NAME)";
				SWIFT_VERSION = 3.0;
			};
			name = Debug;
		};
		D14894051E990B2000EC289A /* Release */ = {
			isa = XCBuildConfiguration;
			buildSettings = {
				ASSETCATALOG_COMPILER_APPICON_NAME = AppIcon;
				CODE_SIGN_ENTITLEMENTS = LinioSpace/LinioSpace.entitlements;
				DEVELOPMENT_TEAM = V783YNE53K;
				INFOPLIST_FILE = LinioSpace/Info.plist;
				LD_RUNPATH_SEARCH_PATHS = "$(inherited) @executable_path/Frameworks";
				PRODUCT_BUNDLE_IDENTIFIER = com.example.LinioSpace;
				PRODUCT_NAME = "$(TARGET_NAME)";
				SWIFT_VERSION = 3.0;
			};
			name = Release;
		};
/* End XCBuildConfiguration section */

/* Begin XCConfigurationList section */
		D14893EC1E990B1F00EC289A /* Build configuration list for PBXProject "LinioSpace" */ = {
			isa = XCConfigurationList;
			buildConfigurations = (
				D14894011E990B2000EC289A /* Debug */,
				D14894021E990B2000EC289A /* Release */,
			);
			defaultConfigurationIsVisible = 0;
			defaultConfigurationName = Release;
		};
		D14894031E990B2000EC289A /* Build configuration list for PBXNativeTarget "LinioSpace" */ = {
			isa = XCConfigurationList;
			buildConfigurations = (
				D14894041E990B2000EC289A /* Debug */,
				D14894051E990B2000EC289A /* Release */,
			);
			defaultConfigurationIsVisible = 0;
		};
/* End XCConfigurationList section */

/* Begin XCVersionGroup section */
		D14894371E99336800EC289A /* LinioSpace.xcdatamodeld */ = {
			isa = XCVersionGroup;
			children = (
				D14894381E99336800EC289A /* LinioSpace.xcdatamodel */,
			);
			currentVersion = D14894381E99336800EC289A /* LinioSpace.xcdatamodel */;
			path = LinioSpace.xcdatamodeld;
			sourceTree = "<group>";
			versionGroupType = wrapper.xcdatamodel;
		};
/* End XCVersionGroup section */
	};
	rootObject = D14893E91E990B1F00EC289A /* Project object */;
}
